{
  "nodes": {
    "nixpkgs": {
      "locked": {
        "lastModified": 1720970707,
        "narHash": "sha256-8sXatPyfz5xUFGW0eo3pycbQ1xurxtLSTB6E25xJCBs=",
        "owner": "nixos",
        "repo": "nixpkgs",
        "rev": "a357e0d2405045e7dadc007fb50e4d5aff1d09f6",
        "type": "github"
      },
      "original": {
        "owner": "nixos",
        "repo": "nixpkgs",
        "type": "github"
      }
    },
    "nixpkgs-stable": {
      "locked": {
        "lastModified": 1720535198,
        "narHash": "sha256-zwVvxrdIzralnSbcpghA92tWu2DV2lwv89xZc8MTrbg=",
        "owner": "nixos",
        "repo": "nixpkgs",
        "rev": "205fd4226592cc83fd4c0885a3e4c9c400efabb5",
        "type": "github"
      },
      "original": {
        "owner": "nixos",
        "ref": "release-23.11",
        "repo": "nixpkgs",
        "type": "github"
      }
    },
    "root": {
      "inputs": {
        "nixpkgs": "nixpkgs",
        "nixpkgs-stable": "nixpkgs-stable"
      }
    }
  },
  "root": "root",
  "version": 7
}
