{
  "nodes": {
    "nixpkgs": {
      "locked": {
        "lastModified": 1720970707,
        "narHash": "sha256-8sXatPyfz5xUFGW0eo3pycbQ1xurxtLSTB6E25xJCBs=",
        "owner": "nixos",
        "repo": "nixpkgs",
        "rev": "a357e0d2405045e7dadc007fb50e4d5aff1d09f6",
        "type": "github"
      },
      "original": {
        "owner": "nixos",
        "repo": "nixpkgs",
        "type": "github"
      }
    },
    "nixpkgs-old": {
      "locked": {
        "lastModified": 1705957679,
        "narHash": "sha256-Q8LJaVZGJ9wo33wBafvZSzapYsjOaNjP/pOnSiKVGHY=",
        "owner": "nixos",
        "repo": "nixpkgs",
        "rev": "9a333eaa80901efe01df07eade2c16d183761fa3",
        "type": "github"
      },
      "original": {
        "owner": "nixos",
        "ref": "release-23.05",
        "repo": "nixpkgs",
        "type": "github"
      }
    },
    "root": {
      "inputs": {
        "nixpkgs": "nixpkgs",
        "nixpkgs-old": "nixpkgs-old"
      }
    }
  },
  "root": "root",
  "version": 7
}
